
Microsoft Visual Studio Solution File, Format Version 12.00
# Visual Studio 2013
VisualStudioVersion = 12.0.31101.0
MinimumVisualStudioVersion = 10.0.40219.1
Project("{8BC9CEB8-8B4A-11D0-8D11-00A0C91BC942}") = "GeneticAlgorithm", "GeneticAlgorithm\GeneticAlgorithm.vcxproj", "{A85AEF07-3939-457B-9E85-8FB0FA8160D3}"
EndProject
Global
	GlobalSection(SolutionConfigurationPlatforms) = preSolution
		Debug|Win32 = Debug|Win32
		Release|Win32 = Release|Win32
	EndGlobalSection
	GlobalSection(ProjectConfigurationPlatforms) = postSolution
		{A85AEF07-3939-457B-9E85-8FB0FA8160D3}.Debug|Win32.ActiveCfg = Debug|Win32
		{A85AEF07-3939-457B-9E85-8FB0FA8160D3}.Debug|Win32.Build.0 = Debug|Win32
		{A85AEF07-3939-457B-9E85-8FB0FA8160D3}.Release|Win32.ActiveCfg = Release|Win32
		{A85AEF07-3939-457B-9E85-8FB0FA8160D3}.Release|Win32.Build.0 = Release|Win32
	EndGlobalSection
	GlobalSection(SolutionProperties) = preSolution
		HideSolutionNode = FALSE
	EndGlobalSection
EndGlobal
